
Microsoft Visual Studio Solution File, Format Version 12.00
# Visual Studio Version 17
VisualStudioVersion = 17.10.35122.118
MinimumVisualStudioVersion = 10.0.40219.1
Project("{FAE04EC0-301F-11D3-BF4B-00C04F79EFBC}") = "SignalRSample", "SignalRSample\SignalRSample.csproj", "{3BA9F0BF-01E3-43F8-BE56-F1278700B769}"
EndProject
Global
	GlobalSection(SolutionConfigurationPlatforms) = preSolution
		Debug|Any CPU = Debug|Any CPU
		Release|Any CPU = Release|Any CPU
	EndGlobalSection
	GlobalSection(ProjectConfigurationPlatforms) = postSolution
		{3BA9F0BF-01E3-43F8-BE56-F1278700B769}.Debug|Any CPU.ActiveCfg = Debug|Any CPU
		{3BA9F0BF-01E3-43F8-BE56-F1278700B769}.Debug|Any CPU.Build.0 = Debug|Any CPU
		{3BA9F0BF-01E3-43F8-BE56-F1278700B769}.Release|Any CPU.ActiveCfg = Release|Any CPU
		{3BA9F0BF-01E3-43F8-BE56-F1278700B769}.Release|Any CPU.Build.0 = Release|Any CPU
	EndGlobalSection
	GlobalSection(SolutionProperties) = preSolution
		HideSolutionNode = FALSE
	EndGlobalSection
	GlobalSection(ExtensibilityGlobals) = postSolution
		SolutionGuid = {11A16560-255E-475F-8807-3240FDD55FCC}
	EndGlobalSection
EndGlobal
